
Microsoft Visual Studio Solution File, Format Version 12.00
# Visual Studio Version 16
VisualStudioVersion = 16.0.29806.167
MinimumVisualStudioVersion = 10.0.40219.1
Project("{FAE04EC0-301F-11D3-BF4B-00C04F79EFBC}") = "Features_7_1", "Features_7_1\Features_7_1.csproj", "{E327E80B-BCA3-4E62-B635-73C2F3B44167}"
EndProject
Project("{FAE04EC0-301F-11D3-BF4B-00C04F79EFBC}") = "Features_7", "Features_7\Features_7.csproj", "{9DF4D4B2-18A5-4647-A9BC-D1D03D7DA5B9}"
EndProject
Project("{FAE04EC0-301F-11D3-BF4B-00C04F79EFBC}") = "Features_6", "Features_6\Features_6.csproj", "{25D5E5EF-2EF3-4E6A-BDC7-2A4B485FF7D3}"
EndProject
Project("{FAE04EC0-301F-11D3-BF4B-00C04F79EFBC}") = "Features_5", "Features_5\Features_5.csproj", "{8E38525D-19B2-42E3-A06B-8A680E4248F2}"
EndProject
Project("{FAE04EC0-301F-11D3-BF4B-00C04F79EFBC}") = "Features_4", "Features_4\Features_4.csproj", "{CD787405-6CF1-4FDB-8635-86CDD3604E7C}"
EndProject
Project("{FAE04EC0-301F-11D3-BF4B-00C04F79EFBC}") = "Features_3", "Features_3\Features_3.csproj", "{8D5AE49B-930A-4A34-858C-C820A8A59E73}"
EndProject
Project("{FAE04EC0-301F-11D3-BF4B-00C04F79EFBC}") = "Features_2", "Features_2\Features_2.csproj", "{CE74F101-F368-456F-9F9F-6C07DC29D07A}"
EndProject
Project("{FAE04EC0-301F-11D3-BF4B-00C04F79EFBC}") = "Features_7_2", "Features_7_2\Features_7_2.csproj", "{FDB56F3E-CDC0-448C-8DED-7DBA391AB9D7}"
EndProject
Project("{FAE04EC0-301F-11D3-BF4B-00C04F79EFBC}") = "Features_7_2_Test", "Features_7_2_Test\Features_7_2_Test.csproj", "{578D4F5C-30C5-4BF3-9BDA-B12F4F917134}"
EndProject
Project("{FAE04EC0-301F-11D3-BF4B-00C04F79EFBC}") = "Features_7_3", "Features_7_3\Features_7_3.csproj", "{6E26FC34-D4A5-4DB0-A91C-B994F7D99F21}"
EndProject
Project("{FAE04EC0-301F-11D3-BF4B-00C04F79EFBC}") = "Features_8_0", "Features_8_0\Features_8_0.csproj", "{CF6512E0-B047-47A4-AD04-800F87A5778D}"
EndProject
Global
	GlobalSection(SolutionConfigurationPlatforms) = preSolution
		Debug|Any CPU = Debug|Any CPU
		Release|Any CPU = Release|Any CPU
	EndGlobalSection
	GlobalSection(ProjectConfigurationPlatforms) = postSolution
		{E327E80B-BCA3-4E62-B635-73C2F3B44167}.Debug|Any CPU.ActiveCfg = Debug|Any CPU
		{E327E80B-BCA3-4E62-B635-73C2F3B44167}.Debug|Any CPU.Build.0 = Debug|Any CPU
		{E327E80B-BCA3-4E62-B635-73C2F3B44167}.Release|Any CPU.ActiveCfg = Release|Any CPU
		{E327E80B-BCA3-4E62-B635-73C2F3B44167}.Release|Any CPU.Build.0 = Release|Any CPU
		{9DF4D4B2-18A5-4647-A9BC-D1D03D7DA5B9}.Debug|Any CPU.ActiveCfg = Debug|Any CPU
		{9DF4D4B2-18A5-4647-A9BC-D1D03D7DA5B9}.Debug|Any CPU.Build.0 = Debug|Any CPU
		{9DF4D4B2-18A5-4647-A9BC-D1D03D7DA5B9}.Release|Any CPU.ActiveCfg = Release|Any CPU
		{9DF4D4B2-18A5-4647-A9BC-D1D03D7DA5B9}.Release|Any CPU.Build.0 = Release|Any CPU
		{25D5E5EF-2EF3-4E6A-BDC7-2A4B485FF7D3}.Debug|Any CPU.ActiveCfg = Debug|Any CPU
		{25D5E5EF-2EF3-4E6A-BDC7-2A4B485FF7D3}.Debug|Any CPU.Build.0 = Debug|Any CPU
		{25D5E5EF-2EF3-4E6A-BDC7-2A4B485FF7D3}.Release|Any CPU.ActiveCfg = Release|Any CPU
		{25D5E5EF-2EF3-4E6A-BDC7-2A4B485FF7D3}.Release|Any CPU.Build.0 = Release|Any CPU
		{8E38525D-19B2-42E3-A06B-8A680E4248F2}.Debug|Any CPU.ActiveCfg = Debug|Any CPU
		{8E38525D-19B2-42E3-A06B-8A680E4248F2}.Debug|Any CPU.Build.0 = Debug|Any CPU
		{8E38525D-19B2-42E3-A06B-8A680E4248F2}.Release|Any CPU.ActiveCfg = Release|Any CPU
		{8E38525D-19B2-42E3-A06B-8A680E4248F2}.Release|Any CPU.Build.0 = Release|Any CPU
		{CD787405-6CF1-4FDB-8635-86CDD3604E7C}.Debug|Any CPU.ActiveCfg = Debug|Any CPU
		{CD787405-6CF1-4FDB-8635-86CDD3604E7C}.Debug|Any CPU.Build.0 = Debug|Any CPU
		{CD787405-6CF1-4FDB-8635-86CDD3604E7C}.Release|Any CPU.ActiveCfg = Release|Any CPU
		{CD787405-6CF1-4FDB-8635-86CDD3604E7C}.Release|Any CPU.Build.0 = Release|Any CPU
		{8D5AE49B-930A-4A34-858C-C820A8A59E73}.Debug|Any CPU.ActiveCfg = Debug|Any CPU
		{8D5AE49B-930A-4A34-858C-C820A8A59E73}.Debug|Any CPU.Build.0 = Debug|Any CPU
		{8D5AE49B-930A-4A34-858C-C820A8A59E73}.Release|Any CPU.ActiveCfg = Release|Any CPU
		{8D5AE49B-930A-4A34-858C-C820A8A59E73}.Release|Any CPU.Build.0 = Release|Any CPU
		{CE74F101-F368-456F-9F9F-6C07DC29D07A}.Debug|Any CPU.ActiveCfg = Debug|Any CPU
		{CE74F101-F368-456F-9F9F-6C07DC29D07A}.Debug|Any CPU.Build.0 = Debug|Any CPU
		{CE74F101-F368-456F-9F9F-6C07DC29D07A}.Release|Any CPU.ActiveCfg = Release|Any CPU
		{CE74F101-F368-456F-9F9F-6C07DC29D07A}.Release|Any CPU.Build.0 = Release|Any CPU
		{FDB56F3E-CDC0-448C-8DED-7DBA391AB9D7}.Debug|Any CPU.ActiveCfg = Debug|Any CPU
		{FDB56F3E-CDC0-448C-8DED-7DBA391AB9D7}.Debug|Any CPU.Build.0 = Debug|Any CPU
		{FDB56F3E-CDC0-448C-8DED-7DBA391AB9D7}.Release|Any CPU.ActiveCfg = Release|Any CPU
		{FDB56F3E-CDC0-448C-8DED-7DBA391AB9D7}.Release|Any CPU.Build.0 = Release|Any CPU
		{578D4F5C-30C5-4BF3-9BDA-B12F4F917134}.Debug|Any CPU.ActiveCfg = Debug|Any CPU
		{578D4F5C-30C5-4BF3-9BDA-B12F4F917134}.Debug|Any CPU.Build.0 = Debug|Any CPU
		{578D4F5C-30C5-4BF3-9BDA-B12F4F917134}.Release|Any CPU.ActiveCfg = Release|Any CPU
		{578D4F5C-30C5-4BF3-9BDA-B12F4F917134}.Release|Any CPU.Build.0 = Release|Any CPU
		{6E26FC34-D4A5-4DB0-A91C-B994F7D99F21}.Debug|Any CPU.ActiveCfg = Debug|Any CPU
		{6E26FC34-D4A5-4DB0-A91C-B994F7D99F21}.Debug|Any CPU.Build.0 = Debug|Any CPU
		{6E26FC34-D4A5-4DB0-A91C-B994F7D99F21}.Release|Any CPU.ActiveCfg = Release|Any CPU
		{6E26FC34-D4A5-4DB0-A91C-B994F7D99F21}.Release|Any CPU.Build.0 = Release|Any CPU
		{CF6512E0-B047-47A4-AD04-800F87A5778D}.Debug|Any CPU.ActiveCfg = Debug|Any CPU
		{CF6512E0-B047-47A4-AD04-800F87A5778D}.Debug|Any CPU.Build.0 = Debug|Any CPU
		{CF6512E0-B047-47A4-AD04-800F87A5778D}.Release|Any CPU.ActiveCfg = Release|Any CPU
		{CF6512E0-B047-47A4-AD04-800F87A5778D}.Release|Any CPU.Build.0 = Release|Any CPU
	EndGlobalSection
	GlobalSection(SolutionProperties) = preSolution
		HideSolutionNode = FALSE
	EndGlobalSection
	GlobalSection(ExtensibilityGlobals) = postSolution
		SolutionGuid = {CAA8CF81-4CB3-48EC-9EAC-2CBDB02E9A51}
	EndGlobalSection
EndGlobal
